
Microsoft Visual Studio Solution File, Format Version 12.00
Project("{FAE04EC0-301F-11D3-BF4B-00C04F79EFBC}") = "ComputerGraphics", "ComputerGraphics\ComputerGraphics.csproj", "{62FD6BE5-7EB6-45C0-8883-8F2FA7D4CD78}"
EndProject
Global
	GlobalSection(SolutionConfigurationPlatforms) = preSolution
		Debug|Any CPU = Debug|Any CPU
		Release|Any CPU = Release|Any CPU
	EndGlobalSection
	GlobalSection(ProjectConfigurationPlatforms) = postSolution
		{62FD6BE5-7EB6-45C0-8883-8F2FA7D4CD78}.Debug|Any CPU.ActiveCfg = Debug|Any CPU
		{62FD6BE5-7EB6-45C0-8883-8F2FA7D4CD78}.Debug|Any CPU.Build.0 = Debug|Any CPU
		{62FD6BE5-7EB6-45C0-8883-8F2FA7D4CD78}.Release|Any CPU.ActiveCfg = Release|Any CPU
		{62FD6BE5-7EB6-45C0-8883-8F2FA7D4CD78}.Release|Any CPU.Build.0 = Release|Any CPU
	EndGlobalSection
EndGlobal
